
Microsoft Visual Studio Solution File, Format Version 12.00
# Visual Studio Version 17
VisualStudioVersion = 17.3.32922.545
MinimumVisualStudioVersion = 10.0.40219.1
Project("{9A19103F-16F7-4668-BE54-9A1E7A4F7556}") = "CabManagementSystem", "CabManagementSystem\CabManagementSystem.csproj", "{8E8BA36D-D943-4E9A-9200-D02E618DD1BF}"
EndProject
Project("{FAE04EC0-301F-11D3-BF4B-00C04F79EFBC}") = "CabAPI", "CabAPI\CabAPI.csproj", "{1FAB904C-0C8B-4FC5-940D-B55596365ABF}"
EndProject
Global
	GlobalSection(SolutionConfigurationPlatforms) = preSolution
		Debug|Any CPU = Debug|Any CPU
		Release|Any CPU = Release|Any CPU
	EndGlobalSection
	GlobalSection(ProjectConfigurationPlatforms) = postSolution
		{8E8BA36D-D943-4E9A-9200-D02E618DD1BF}.Debug|Any CPU.ActiveCfg = Debug|Any CPU
		{8E8BA36D-D943-4E9A-9200-D02E618DD1BF}.Debug|Any CPU.Build.0 = Debug|Any CPU
		{8E8BA36D-D943-4E9A-9200-D02E618DD1BF}.Release|Any CPU.ActiveCfg = Release|Any CPU
		{8E8BA36D-D943-4E9A-9200-D02E618DD1BF}.Release|Any CPU.Build.0 = Release|Any CPU
		{1FAB904C-0C8B-4FC5-940D-B55596365ABF}.Debug|Any CPU.ActiveCfg = Debug|Any CPU
		{1FAB904C-0C8B-4FC5-940D-B55596365ABF}.Debug|Any CPU.Build.0 = Debug|Any CPU
		{1FAB904C-0C8B-4FC5-940D-B55596365ABF}.Release|Any CPU.ActiveCfg = Release|Any CPU
		{1FAB904C-0C8B-4FC5-940D-B55596365ABF}.Release|Any CPU.Build.0 = Release|Any CPU
	EndGlobalSection
	GlobalSection(SolutionProperties) = preSolution
		HideSolutionNode = FALSE
	EndGlobalSection
	GlobalSection(ExtensibilityGlobals) = postSolution
		SolutionGuid = {DCC9C34A-28FE-4F1A-B05E-E2CA849FCEE0}
	EndGlobalSection
EndGlobal
